
Microsoft Visual Studio Solution File, Format Version 12.00
# Visual Studio 15
VisualStudioVersion = 15.0.27428.2011
MinimumVisualStudioVersion = 10.0.40219.1
Project("{FAE04EC0-301F-11D3-BF4B-00C04F79EFBC}") = "NEWS.WEB", "NEWS.WEB\NEWS.WEB.csproj", "{B0862524-E50E-4ADF-839C-9350979B3CCE}"
EndProject
Project("{FAE04EC0-301F-11D3-BF4B-00C04F79EFBC}") = "NEWS.COMMON", "NEWS.COMMON\NEWS.COMMON.csproj", "{DD680C5F-C782-4AED-B863-D1B2CE2F26A0}"
EndProject
Project("{FAE04EC0-301F-11D3-BF4B-00C04F79EFBC}") = "NEWS.CORE", "NEWS.CORE\NEWS.CORE.csproj", "{93864C1A-E5E2-4FCB-92D5-05969AC54BE2}"
EndProject
Project("{FAE04EC0-301F-11D3-BF4B-00C04F79EFBC}") = "NEWS.DATA", "NEWS.DATA\NEWS.DATA.csproj", "{BD11C6FC-289D-427F-A4D2-4B726C57220E}"
EndProject
Project("{FAE04EC0-301F-11D3-BF4B-00C04F79EFBC}") = "NEWS.SERVICES", "NEWS.SERVICES\NEWS.SERVICES.csproj", "{F9C05FEF-4CFB-4B33-84F9-93289F90F799}"
EndProject
Global
	GlobalSection(SolutionConfigurationPlatforms) = preSolution
		Debug|Any CPU = Debug|Any CPU
		Release|Any CPU = Release|Any CPU
	EndGlobalSection
	GlobalSection(ProjectConfigurationPlatforms) = postSolution
		{B0862524-E50E-4ADF-839C-9350979B3CCE}.Debug|Any CPU.ActiveCfg = Debug|Any CPU
		{B0862524-E50E-4ADF-839C-9350979B3CCE}.Debug|Any CPU.Build.0 = Debug|Any CPU
		{B0862524-E50E-4ADF-839C-9350979B3CCE}.Release|Any CPU.ActiveCfg = Release|Any CPU
		{B0862524-E50E-4ADF-839C-9350979B3CCE}.Release|Any CPU.Build.0 = Release|Any CPU
		{DD680C5F-C782-4AED-B863-D1B2CE2F26A0}.Debug|Any CPU.ActiveCfg = Debug|Any CPU
		{DD680C5F-C782-4AED-B863-D1B2CE2F26A0}.Debug|Any CPU.Build.0 = Debug|Any CPU
		{DD680C5F-C782-4AED-B863-D1B2CE2F26A0}.Release|Any CPU.ActiveCfg = Release|Any CPU
		{DD680C5F-C782-4AED-B863-D1B2CE2F26A0}.Release|Any CPU.Build.0 = Release|Any CPU
		{93864C1A-E5E2-4FCB-92D5-05969AC54BE2}.Debug|Any CPU.ActiveCfg = Debug|Any CPU
		{93864C1A-E5E2-4FCB-92D5-05969AC54BE2}.Debug|Any CPU.Build.0 = Debug|Any CPU
		{93864C1A-E5E2-4FCB-92D5-05969AC54BE2}.Release|Any CPU.ActiveCfg = Release|Any CPU
		{93864C1A-E5E2-4FCB-92D5-05969AC54BE2}.Release|Any CPU.Build.0 = Release|Any CPU
		{BD11C6FC-289D-427F-A4D2-4B726C57220E}.Debug|Any CPU.ActiveCfg = Debug|Any CPU
		{BD11C6FC-289D-427F-A4D2-4B726C57220E}.Debug|Any CPU.Build.0 = Debug|Any CPU
		{BD11C6FC-289D-427F-A4D2-4B726C57220E}.Release|Any CPU.ActiveCfg = Release|Any CPU
		{BD11C6FC-289D-427F-A4D2-4B726C57220E}.Release|Any CPU.Build.0 = Release|Any CPU
		{F9C05FEF-4CFB-4B33-84F9-93289F90F799}.Debug|Any CPU.ActiveCfg = Debug|Any CPU
		{F9C05FEF-4CFB-4B33-84F9-93289F90F799}.Debug|Any CPU.Build.0 = Debug|Any CPU
		{F9C05FEF-4CFB-4B33-84F9-93289F90F799}.Release|Any CPU.ActiveCfg = Release|Any CPU
		{F9C05FEF-4CFB-4B33-84F9-93289F90F799}.Release|Any CPU.Build.0 = Release|Any CPU
	EndGlobalSection
	GlobalSection(SolutionProperties) = preSolution
		HideSolutionNode = FALSE
	EndGlobalSection
	GlobalSection(ExtensibilityGlobals) = postSolution
		SolutionGuid = {1BB113FE-23DC-4529-BDB3-CA86B15D4E5F}
	EndGlobalSection
EndGlobal
